
Microsoft Visual Studio Solution File, Format Version 12.00
# Visual Studio Version 17
VisualStudioVersion = 17.3.32901.215
MinimumVisualStudioVersion = 10.0.40219.1
Project("{FAE04EC0-301F-11D3-BF4B-00C04F79EFBC}") = "api", "api\api.csproj", "{4A20F09F-18B4-475E-99A9-1DDC9C7FF8EE}"
EndProject
Project("{FAE04EC0-301F-11D3-BF4B-00C04F79EFBC}") = "tracking.client", "tracking.client\tracking.client.csproj", "{69EECF0D-A553-4088-8C2A-107B6A11F421}"
EndProject
Global
	GlobalSection(SolutionConfigurationPlatforms) = preSolution
		Debug|Any CPU = Debug|Any CPU
		Release|Any CPU = Release|Any CPU
	EndGlobalSection
	GlobalSection(ProjectConfigurationPlatforms) = postSolution
		{4A20F09F-18B4-475E-99A9-1DDC9C7FF8EE}.Debug|Any CPU.ActiveCfg = Debug|Any CPU
		{4A20F09F-18B4-475E-99A9-1DDC9C7FF8EE}.Debug|Any CPU.Build.0 = Debug|Any CPU
		{4A20F09F-18B4-475E-99A9-1DDC9C7FF8EE}.Release|Any CPU.ActiveCfg = Release|Any CPU
		{4A20F09F-18B4-475E-99A9-1DDC9C7FF8EE}.Release|Any CPU.Build.0 = Release|Any CPU
		{69EECF0D-A553-4088-8C2A-107B6A11F421}.Debug|Any CPU.ActiveCfg = Debug|Any CPU
		{69EECF0D-A553-4088-8C2A-107B6A11F421}.Debug|Any CPU.Build.0 = Debug|Any CPU
		{69EECF0D-A553-4088-8C2A-107B6A11F421}.Release|Any CPU.ActiveCfg = Release|Any CPU
		{69EECF0D-A553-4088-8C2A-107B6A11F421}.Release|Any CPU.Build.0 = Release|Any CPU
	EndGlobalSection
	GlobalSection(SolutionProperties) = preSolution
		HideSolutionNode = FALSE
	EndGlobalSection
	GlobalSection(ExtensibilityGlobals) = postSolution
		SolutionGuid = {5A0DC217-C187-4908-BC99-8055CA19DF51}
	EndGlobalSection
EndGlobal
